
Microsoft Visual Studio Solution File, Format Version 12.00
# Visual Studio Version 16
VisualStudioVersion = 16.0.28729.10
MinimumVisualStudioVersion = 10.0.40219.1
Project("{8BC9CEB8-8B4A-11D0-8D11-00A0C91BC942}") = "decision_tree", "decision_tree\decision_tree.vcxproj", "{E5E09C06-40C4-4752-828F-11029BF3EE05}"
EndProject
Global
	GlobalSection(SolutionConfigurationPlatforms) = preSolution
		Debug|x64 = Debug|x64
		Debug|x86 = Debug|x86
		Release|x64 = Release|x64
		Release|x86 = Release|x86
	EndGlobalSection
	GlobalSection(ProjectConfigurationPlatforms) = postSolution
		{E5E09C06-40C4-4752-828F-11029BF3EE05}.Debug|x64.ActiveCfg = Debug|x64
		{E5E09C06-40C4-4752-828F-11029BF3EE05}.Debug|x64.Build.0 = Debug|x64
		{E5E09C06-40C4-4752-828F-11029BF3EE05}.Debug|x86.ActiveCfg = Debug|Win32
		{E5E09C06-40C4-4752-828F-11029BF3EE05}.Debug|x86.Build.0 = Debug|Win32
		{E5E09C06-40C4-4752-828F-11029BF3EE05}.Release|x64.ActiveCfg = Release|x64
		{E5E09C06-40C4-4752-828F-11029BF3EE05}.Release|x64.Build.0 = Release|x64
		{E5E09C06-40C4-4752-828F-11029BF3EE05}.Release|x86.ActiveCfg = Release|Win32
		{E5E09C06-40C4-4752-828F-11029BF3EE05}.Release|x86.Build.0 = Release|Win32
	EndGlobalSection
	GlobalSection(SolutionProperties) = preSolution
		HideSolutionNode = FALSE
	EndGlobalSection
	GlobalSection(ExtensibilityGlobals) = postSolution
		SolutionGuid = {EBD94564-8185-47B4-9A85-9CAE82D08CAE}
	EndGlobalSection
EndGlobal
